
Microsoft Visual Studio Solution File, Format Version 12.00
# Visual Studio Version 17
VisualStudioVersion = 17.11.35312.102
MinimumVisualStudioVersion = 10.0.40219.1
Project("{2150E333-8FDC-42A3-9474-1A3956D46DE8}") = "Task0", "Task0", "{873326C9-17C9-421C-88CD-247206237FD8}"
EndProject
Project("{FAE04EC0-301F-11D3-BF4B-00C04F79EFBC}") = "Tyuiu.NajibN.Sprint3.Task0.V15", "Tyuiu.NajibN.Sprint3.Task0.V15\Tyuiu.NajibN.Sprint3.Task0.V15.csproj", "{35A84DD3-EEC7-42CA-A171-72FAD114CB11}"
EndProject
Project("{FAE04EC0-301F-11D3-BF4B-00C04F79EFBC}") = "Tyuiu.NajibN.Sprint3.Task0.V15.Lib", "Tyuiu.NajibN.Sprint3.Task0.V15.Lib\Tyuiu.NajibN.Sprint3.Task0.V15.Lib.csproj", "{5DFC0637-1E7F-49E2-8430-158C4F81CCCB}"
EndProject
Project("{FAE04EC0-301F-11D3-BF4B-00C04F79EFBC}") = "Tyuiu.NajibN.Sprint3.Task0.V15.Test", "Tyuiu.NajibN.Sprint3.Task0.V15.Test\Tyuiu.NajibN.Sprint3.Task0.V15.Test.csproj", "{9F33E49D-3D38-44F4-996B-A37A9B9D1220}"
EndProject
Project("{2150E333-8FDC-42A3-9474-1A3956D46DE8}") = "Task1", "Task1", "{5F980C8E-214A-4A6E-8378-B1E80B4F0439}"
EndProject
Project("{FAE04EC0-301F-11D3-BF4B-00C04F79EFBC}") = "Tyuiu.NajibN.Sprint3.Task1.V7", "Tyuiu.NajibN.Sprint3.Task1.V7\Tyuiu.NajibN.Sprint3.Task1.V7.csproj", "{A4D273EC-8148-4FED-B0DF-786A0B539994}"
EndProject
Project("{FAE04EC0-301F-11D3-BF4B-00C04F79EFBC}") = "Tyuiu.NajibN.Sprint3.Task1.V7.Lib", "Tyuiu.NajibN.Sprint3.Task1.V7.Lib\Tyuiu.NajibN.Sprint3.Task1.V7.Lib.csproj", "{7A151D77-ECE6-4BE9-A423-CACD45C910C4}"
EndProject
Project("{FAE04EC0-301F-11D3-BF4B-00C04F79EFBC}") = "Tyuiu.NajibN.Sprint3.Task1.V7.Test", "Tyuiu.NajibN.Sprint3.Task1.V7.Test\Tyuiu.NajibN.Sprint3.Task1.V7.Test.csproj", "{626278DD-5D45-4F8D-82FF-0F33BAC478FE}"
EndProject
Project("{2150E333-8FDC-42A3-9474-1A3956D46DE8}") = "Task2", "Task2", "{EBB43ABB-D7CE-4011-8305-71663B71C1ED}"
EndProject
Project("{FAE04EC0-301F-11D3-BF4B-00C04F79EFBC}") = "Tyuiu.NajibN.Sprint3.Task2.V18", "Tyuiu.NajibN.Sprint3.Task2.V18\Tyuiu.NajibN.Sprint3.Task2.V18.csproj", "{EA54269D-DE7E-4D43-B3EC-BEF759519ED4}"
EndProject
Project("{FAE04EC0-301F-11D3-BF4B-00C04F79EFBC}") = "Tyuiu.NajibN.Sprint3.Task2.V18.Lib", "Tyuiu.NajibN.Sprint3.Task2.V18.Lib\Tyuiu.NajibN.Sprint3.Task2.V18.Lib.csproj", "{36A9A730-41DF-4F65-A9C7-2E289E043138}"
EndProject
Project("{FAE04EC0-301F-11D3-BF4B-00C04F79EFBC}") = "Tyuiu.NajibN.Sprint3.Task2.V18.Test", "Tyuiu.NajibN.Sprint3.Task2.V18.Test\Tyuiu.NajibN.Sprint3.Task2.V18.Test.csproj", "{8538F335-2AAA-4284-BF76-0CEDE39E99EC}"
EndProject
Project("{2150E333-8FDC-42A3-9474-1A3956D46DE8}") = "Task3", "Task3", "{BD6F4575-A5B0-4858-9739-32B18E3CDC37}"
EndProject
Project("{FAE04EC0-301F-11D3-BF4B-00C04F79EFBC}") = "Tyuiu.NajibN.Sprint3.Task3.V2", "Tyuiu.NajibN.Sprint3.Task3.V2\Tyuiu.NajibN.Sprint3.Task3.V2.csproj", "{D42920E5-6894-4A95-AA8F-6871E7BAC93E}"
EndProject
Project("{FAE04EC0-301F-11D3-BF4B-00C04F79EFBC}") = "Tyuiu.NajibN.Sprint3.Task3.V2.Lib", "Tyuiu.NajibN.Sprint3.Task3.V2.Lib\Tyuiu.NajibN.Sprint3.Task3.V2.Lib.csproj", "{4D015319-6C2A-4337-8A46-AAE310178262}"
EndProject
Project("{FAE04EC0-301F-11D3-BF4B-00C04F79EFBC}") = "Tyuiu.NajibN.Sprint3.Task3.V2.Test", "Tyuiu.NajibN.Sprint3.Task3.V2.Test\Tyuiu.NajibN.Sprint3.Task3.V2.Test.csproj", "{1352A146-DCAF-412C-9D06-D9D25BB8BEA1}"
EndProject
Project("{2150E333-8FDC-42A3-9474-1A3956D46DE8}") = "Task4", "Task4", "{4A0B5A2C-088C-4C19-885F-FE761392798B}"
EndProject
Project("{FAE04EC0-301F-11D3-BF4B-00C04F79EFBC}") = "Tyuiu.NajibN.Sprint3.Task4.V3", "Tyuiu.NajibN.Sprint3.Task4.V3\Tyuiu.NajibN.Sprint3.Task4.V3.csproj", "{30517339-C56E-40CB-A383-2F4931F53EB9}"
EndProject
Project("{FAE04EC0-301F-11D3-BF4B-00C04F79EFBC}") = "Tyuiu.NajibN.Sprint3.Task4.V3.Lib", "Tyuiu.NajibN.Sprint3.Task4.V3.Lib\Tyuiu.NajibN.Sprint3.Task4.V3.Lib.csproj", "{8EECA392-5F8F-41FC-AD61-BC8575031790}"
EndProject
Project("{FAE04EC0-301F-11D3-BF4B-00C04F79EFBC}") = "Tyuiu.NajibN.Sprint3.Task4.V3.Test", "Tyuiu.NajibN.Sprint3.Task4.V3.Test\Tyuiu.NajibN.Sprint3.Task4.V3.Test.csproj", "{376BEF2A-2F27-4A84-93F6-165CF91A675B}"
EndProject
Project("{2150E333-8FDC-42A3-9474-1A3956D46DE8}") = "Task5", "Task5", "{577D7FF7-7235-4343-831B-CF50D1C77A60}"
EndProject
Project("{FAE04EC0-301F-11D3-BF4B-00C04F79EFBC}") = "Tyuiu.NajibN.Sprint3.Task5.V18", "Tyuiu.NajibN.Sprint3.Task5.V18\Tyuiu.NajibN.Sprint3.Task5.V18.csproj", "{0FDF231F-0876-4376-97DA-CF02D7DA8163}"
EndProject
Project("{FAE04EC0-301F-11D3-BF4B-00C04F79EFBC}") = "Tyuiu.NajibN.Sprint3.Task5.V18.Lib", "Tyuiu.NajibN.Sprint3.Task5.V18.Lib\Tyuiu.NajibN.Sprint3.Task5.V18.Lib.csproj", "{BC43B817-AAE1-4358-9F7F-3C1596CAD58C}"
EndProject
Project("{FAE04EC0-301F-11D3-BF4B-00C04F79EFBC}") = "Tyuiu.NajibN.Sprint3.Task5.V18.Test", "Tyuiu.NajibN.Sprint3.Task5.V18.Test\Tyuiu.NajibN.Sprint3.Task5.V18.Test.csproj", "{E18669C3-6D0F-44AE-8170-CF64D8D4D9CE}"
EndProject
Project("{2150E333-8FDC-42A3-9474-1A3956D46DE8}") = "Task6", "Task6", "{F2534E7F-57DD-475D-921F-E9B0AE32FE92}"
EndProject
Project("{FAE04EC0-301F-11D3-BF4B-00C04F79EFBC}") = "Tyuiu.NajibN.Sprint3.Task6.V14", "Tyuiu.NajibN.Sprint3.Task6.V14\Tyuiu.NajibN.Sprint3.Task6.V14.csproj", "{81140156-5CA9-4AFC-8F7C-78465BB646FE}"
EndProject
Project("{FAE04EC0-301F-11D3-BF4B-00C04F79EFBC}") = "Tyuiu.NajibN.Sprint3.Task6.V14.Lib", "Tyuiu.NajibN.Sprint3.Task6.V14.Lib\Tyuiu.NajibN.Sprint3.Task6.V14.Lib.csproj", "{8A6F46D2-FC32-445B-9720-F0F3EFB63A28}"
EndProject
Project("{FAE04EC0-301F-11D3-BF4B-00C04F79EFBC}") = "Tyuiu.NajibN.Sprint3.Task6.V14.Test", "Tyuiu.NajibN.Sprint3.Task6.V14.Test\Tyuiu.NajibN.Sprint3.Task6.V14.Test.csproj", "{47688B12-F483-49BC-8403-5F2A35AF9DC3}"
EndProject
Global
	GlobalSection(SolutionConfigurationPlatforms) = preSolution
		Debug|Any CPU = Debug|Any CPU
		Release|Any CPU = Release|Any CPU
	EndGlobalSection
	GlobalSection(ProjectConfigurationPlatforms) = postSolution
		{35A84DD3-EEC7-42CA-A171-72FAD114CB11}.Debug|Any CPU.ActiveCfg = Debug|Any CPU
		{35A84DD3-EEC7-42CA-A171-72FAD114CB11}.Debug|Any CPU.Build.0 = Debug|Any CPU
		{35A84DD3-EEC7-42CA-A171-72FAD114CB11}.Release|Any CPU.ActiveCfg = Release|Any CPU
		{35A84DD3-EEC7-42CA-A171-72FAD114CB11}.Release|Any CPU.Build.0 = Release|Any CPU
		{5DFC0637-1E7F-49E2-8430-158C4F81CCCB}.Debug|Any CPU.ActiveCfg = Debug|Any CPU
		{5DFC0637-1E7F-49E2-8430-158C4F81CCCB}.Debug|Any CPU.Build.0 = Debug|Any CPU
		{5DFC0637-1E7F-49E2-8430-158C4F81CCCB}.Release|Any CPU.ActiveCfg = Release|Any CPU
		{5DFC0637-1E7F-49E2-8430-158C4F81CCCB}.Release|Any CPU.Build.0 = Release|Any CPU
		{9F33E49D-3D38-44F4-996B-A37A9B9D1220}.Debug|Any CPU.ActiveCfg = Debug|Any CPU
		{9F33E49D-3D38-44F4-996B-A37A9B9D1220}.Debug|Any CPU.Build.0 = Debug|Any CPU
		{9F33E49D-3D38-44F4-996B-A37A9B9D1220}.Release|Any CPU.ActiveCfg = Release|Any CPU
		{9F33E49D-3D38-44F4-996B-A37A9B9D1220}.Release|Any CPU.Build.0 = Release|Any CPU
		{A4D273EC-8148-4FED-B0DF-786A0B539994}.Debug|Any CPU.ActiveCfg = Debug|Any CPU
		{A4D273EC-8148-4FED-B0DF-786A0B539994}.Debug|Any CPU.Build.0 = Debug|Any CPU
		{A4D273EC-8148-4FED-B0DF-786A0B539994}.Release|Any CPU.ActiveCfg = Release|Any CPU
		{A4D273EC-8148-4FED-B0DF-786A0B539994}.Release|Any CPU.Build.0 = Release|Any CPU
		{7A151D77-ECE6-4BE9-A423-CACD45C910C4}.Debug|Any CPU.ActiveCfg = Debug|Any CPU
		{7A151D77-ECE6-4BE9-A423-CACD45C910C4}.Debug|Any CPU.Build.0 = Debug|Any CPU
		{7A151D77-ECE6-4BE9-A423-CACD45C910C4}.Release|Any CPU.ActiveCfg = Release|Any CPU
		{7A151D77-ECE6-4BE9-A423-CACD45C910C4}.Release|Any CPU.Build.0 = Release|Any CPU
		{626278DD-5D45-4F8D-82FF-0F33BAC478FE}.Debug|Any CPU.ActiveCfg = Debug|Any CPU
		{626278DD-5D45-4F8D-82FF-0F33BAC478FE}.Debug|Any CPU.Build.0 = Debug|Any CPU
		{626278DD-5D45-4F8D-82FF-0F33BAC478FE}.Release|Any CPU.ActiveCfg = Release|Any CPU
		{626278DD-5D45-4F8D-82FF-0F33BAC478FE}.Release|Any CPU.Build.0 = Release|Any CPU
		{EA54269D-DE7E-4D43-B3EC-BEF759519ED4}.Debug|Any CPU.ActiveCfg = Debug|Any CPU
		{EA54269D-DE7E-4D43-B3EC-BEF759519ED4}.Debug|Any CPU.Build.0 = Debug|Any CPU
		{EA54269D-DE7E-4D43-B3EC-BEF759519ED4}.Release|Any CPU.ActiveCfg = Release|Any CPU
		{EA54269D-DE7E-4D43-B3EC-BEF759519ED4}.Release|Any CPU.Build.0 = Release|Any CPU
		{36A9A730-41DF-4F65-A9C7-2E289E043138}.Debug|Any CPU.ActiveCfg = Debug|Any CPU
		{36A9A730-41DF-4F65-A9C7-2E289E043138}.Debug|Any CPU.Build.0 = Debug|Any CPU
		{36A9A730-41DF-4F65-A9C7-2E289E043138}.Release|Any CPU.ActiveCfg = Release|Any CPU
		{36A9A730-41DF-4F65-A9C7-2E289E043138}.Release|Any CPU.Build.0 = Release|Any CPU
		{8538F335-2AAA-4284-BF76-0CEDE39E99EC}.Debug|Any CPU.ActiveCfg = Debug|Any CPU
		{8538F335-2AAA-4284-BF76-0CEDE39E99EC}.Debug|Any CPU.Build.0 = Debug|Any CPU
		{8538F335-2AAA-4284-BF76-0CEDE39E99EC}.Release|Any CPU.ActiveCfg = Release|Any CPU
		{8538F335-2AAA-4284-BF76-0CEDE39E99EC}.Release|Any CPU.Build.0 = Release|Any CPU
		{D42920E5-6894-4A95-AA8F-6871E7BAC93E}.Debug|Any CPU.ActiveCfg = Debug|Any CPU
		{D42920E5-6894-4A95-AA8F-6871E7BAC93E}.Debug|Any CPU.Build.0 = Debug|Any CPU
		{D42920E5-6894-4A95-AA8F-6871E7BAC93E}.Release|Any CPU.ActiveCfg = Release|Any CPU
		{D42920E5-6894-4A95-AA8F-6871E7BAC93E}.Release|Any CPU.Build.0 = Release|Any CPU
		{4D015319-6C2A-4337-8A46-AAE310178262}.Debug|Any CPU.ActiveCfg = Debug|Any CPU
		{4D015319-6C2A-4337-8A46-AAE310178262}.Debug|Any CPU.Build.0 = Debug|Any CPU
		{4D015319-6C2A-4337-8A46-AAE310178262}.Release|Any CPU.ActiveCfg = Release|Any CPU
		{4D015319-6C2A-4337-8A46-AAE310178262}.Release|Any CPU.Build.0 = Release|Any CPU
		{1352A146-DCAF-412C-9D06-D9D25BB8BEA1}.Debug|Any CPU.ActiveCfg = Debug|Any CPU
		{1352A146-DCAF-412C-9D06-D9D25BB8BEA1}.Debug|Any CPU.Build.0 = Debug|Any CPU
		{1352A146-DCAF-412C-9D06-D9D25BB8BEA1}.Release|Any CPU.ActiveCfg = Release|Any CPU
		{1352A146-DCAF-412C-9D06-D9D25BB8BEA1}.Release|Any CPU.Build.0 = Release|Any CPU
		{30517339-C56E-40CB-A383-2F4931F53EB9}.Debug|Any CPU.ActiveCfg = Debug|Any CPU
		{30517339-C56E-40CB-A383-2F4931F53EB9}.Debug|Any CPU.Build.0 = Debug|Any CPU
		{30517339-C56E-40CB-A383-2F4931F53EB9}.Release|Any CPU.ActiveCfg = Release|Any CPU
		{30517339-C56E-40CB-A383-2F4931F53EB9}.Release|Any CPU.Build.0 = Release|Any CPU
		{8EECA392-5F8F-41FC-AD61-BC8575031790}.Debug|Any CPU.ActiveCfg = Debug|Any CPU
		{8EECA392-5F8F-41FC-AD61-BC8575031790}.Debug|Any CPU.Build.0 = Debug|Any CPU
		{8EECA392-5F8F-41FC-AD61-BC8575031790}.Release|Any CPU.ActiveCfg = Release|Any CPU
		{8EECA392-5F8F-41FC-AD61-BC8575031790}.Release|Any CPU.Build.0 = Release|Any CPU
		{376BEF2A-2F27-4A84-93F6-165CF91A675B}.Debug|Any CPU.ActiveCfg = Debug|Any CPU
		{376BEF2A-2F27-4A84-93F6-165CF91A675B}.Debug|Any CPU.Build.0 = Debug|Any CPU
		{376BEF2A-2F27-4A84-93F6-165CF91A675B}.Release|Any CPU.ActiveCfg = Release|Any CPU
		{376BEF2A-2F27-4A84-93F6-165CF91A675B}.Release|Any CPU.Build.0 = Release|Any CPU
		{0FDF231F-0876-4376-97DA-CF02D7DA8163}.Debug|Any CPU.ActiveCfg = Debug|Any CPU
		{0FDF231F-0876-4376-97DA-CF02D7DA8163}.Debug|Any CPU.Build.0 = Debug|Any CPU
		{0FDF231F-0876-4376-97DA-CF02D7DA8163}.Release|Any CPU.ActiveCfg = Release|Any CPU
		{0FDF231F-0876-4376-97DA-CF02D7DA8163}.Release|Any CPU.Build.0 = Release|Any CPU
		{BC43B817-AAE1-4358-9F7F-3C1596CAD58C}.Debug|Any CPU.ActiveCfg = Debug|Any CPU
		{BC43B817-AAE1-4358-9F7F-3C1596CAD58C}.Debug|Any CPU.Build.0 = Debug|Any CPU
		{BC43B817-AAE1-4358-9F7F-3C1596CAD58C}.Release|Any CPU.ActiveCfg = Release|Any CPU
		{BC43B817-AAE1-4358-9F7F-3C1596CAD58C}.Release|Any CPU.Build.0 = Release|Any CPU
		{E18669C3-6D0F-44AE-8170-CF64D8D4D9CE}.Debug|Any CPU.ActiveCfg = Debug|Any CPU
		{E18669C3-6D0F-44AE-8170-CF64D8D4D9CE}.Debug|Any CPU.Build.0 = Debug|Any CPU
		{E18669C3-6D0F-44AE-8170-CF64D8D4D9CE}.Release|Any CPU.ActiveCfg = Release|Any CPU
		{E18669C3-6D0F-44AE-8170-CF64D8D4D9CE}.Release|Any CPU.Build.0 = Release|Any CPU
		{81140156-5CA9-4AFC-8F7C-78465BB646FE}.Debug|Any CPU.ActiveCfg = Debug|Any CPU
		{81140156-5CA9-4AFC-8F7C-78465BB646FE}.Debug|Any CPU.Build.0 = Debug|Any CPU
		{81140156-5CA9-4AFC-8F7C-78465BB646FE}.Release|Any CPU.ActiveCfg = Release|Any CPU
		{81140156-5CA9-4AFC-8F7C-78465BB646FE}.Release|Any CPU.Build.0 = Release|Any CPU
		{8A6F46D2-FC32-445B-9720-F0F3EFB63A28}.Debug|Any CPU.ActiveCfg = Debug|Any CPU
		{8A6F46D2-FC32-445B-9720-F0F3EFB63A28}.Debug|Any CPU.Build.0 = Debug|Any CPU
		{8A6F46D2-FC32-445B-9720-F0F3EFB63A28}.Release|Any CPU.ActiveCfg = Release|Any CPU
		{8A6F46D2-FC32-445B-9720-F0F3EFB63A28}.Release|Any CPU.Build.0 = Release|Any CPU
		{47688B12-F483-49BC-8403-5F2A35AF9DC3}.Debug|Any CPU.ActiveCfg = Debug|Any CPU
		{47688B12-F483-49BC-8403-5F2A35AF9DC3}.Debug|Any CPU.Build.0 = Debug|Any CPU
		{47688B12-F483-49BC-8403-5F2A35AF9DC3}.Release|Any CPU.ActiveCfg = Release|Any CPU
		{47688B12-F483-49BC-8403-5F2A35AF9DC3}.Release|Any CPU.Build.0 = Release|Any CPU
	EndGlobalSection
	GlobalSection(SolutionProperties) = preSolution
		HideSolutionNode = FALSE
	EndGlobalSection
	GlobalSection(NestedProjects) = preSolution
		{35A84DD3-EEC7-42CA-A171-72FAD114CB11} = {873326C9-17C9-421C-88CD-247206237FD8}
		{5DFC0637-1E7F-49E2-8430-158C4F81CCCB} = {873326C9-17C9-421C-88CD-247206237FD8}
		{9F33E49D-3D38-44F4-996B-A37A9B9D1220} = {873326C9-17C9-421C-88CD-247206237FD8}
		{A4D273EC-8148-4FED-B0DF-786A0B539994} = {5F980C8E-214A-4A6E-8378-B1E80B4F0439}
		{7A151D77-ECE6-4BE9-A423-CACD45C910C4} = {5F980C8E-214A-4A6E-8378-B1E80B4F0439}
		{626278DD-5D45-4F8D-82FF-0F33BAC478FE} = {5F980C8E-214A-4A6E-8378-B1E80B4F0439}
		{EA54269D-DE7E-4D43-B3EC-BEF759519ED4} = {EBB43ABB-D7CE-4011-8305-71663B71C1ED}
		{36A9A730-41DF-4F65-A9C7-2E289E043138} = {EBB43ABB-D7CE-4011-8305-71663B71C1ED}
		{8538F335-2AAA-4284-BF76-0CEDE39E99EC} = {EBB43ABB-D7CE-4011-8305-71663B71C1ED}
		{D42920E5-6894-4A95-AA8F-6871E7BAC93E} = {BD6F4575-A5B0-4858-9739-32B18E3CDC37}
		{4D015319-6C2A-4337-8A46-AAE310178262} = {BD6F4575-A5B0-4858-9739-32B18E3CDC37}
		{1352A146-DCAF-412C-9D06-D9D25BB8BEA1} = {BD6F4575-A5B0-4858-9739-32B18E3CDC37}
		{30517339-C56E-40CB-A383-2F4931F53EB9} = {4A0B5A2C-088C-4C19-885F-FE761392798B}
		{8EECA392-5F8F-41FC-AD61-BC8575031790} = {4A0B5A2C-088C-4C19-885F-FE761392798B}
		{376BEF2A-2F27-4A84-93F6-165CF91A675B} = {4A0B5A2C-088C-4C19-885F-FE761392798B}
		{0FDF231F-0876-4376-97DA-CF02D7DA8163} = {577D7FF7-7235-4343-831B-CF50D1C77A60}
		{BC43B817-AAE1-4358-9F7F-3C1596CAD58C} = {577D7FF7-7235-4343-831B-CF50D1C77A60}
		{E18669C3-6D0F-44AE-8170-CF64D8D4D9CE} = {577D7FF7-7235-4343-831B-CF50D1C77A60}
		{81140156-5CA9-4AFC-8F7C-78465BB646FE} = {F2534E7F-57DD-475D-921F-E9B0AE32FE92}
		{8A6F46D2-FC32-445B-9720-F0F3EFB63A28} = {F2534E7F-57DD-475D-921F-E9B0AE32FE92}
		{47688B12-F483-49BC-8403-5F2A35AF9DC3} = {F2534E7F-57DD-475D-921F-E9B0AE32FE92}
	EndGlobalSection
	GlobalSection(ExtensibilityGlobals) = postSolution
		SolutionGuid = {0482CE47-364D-4FCC-8766-905B78762351}
	EndGlobalSection
EndGlobal
