
Microsoft Visual Studio Solution File, Format Version 12.00
# Visual Studio Version 17
VisualStudioVersion = 17.11.35312.102
MinimumVisualStudioVersion = 10.0.40219.1
Project("{2150E333-8FDC-42A3-9474-1A3956D46DE8}") = "Task0", "Task0", "{873326C9-17C9-421C-88CD-247206237FD8}"
EndProject
Project("{FAE04EC0-301F-11D3-BF4B-00C04F79EFBC}") = "Tyuiu.NajibN.Sprint3.Task0.V15", "Tyuiu.NajibN.Sprint3.Task0.V15\Tyuiu.NajibN.Sprint3.Task0.V15.csproj", "{35A84DD3-EEC7-42CA-A171-72FAD114CB11}"
EndProject
Project("{FAE04EC0-301F-11D3-BF4B-00C04F79EFBC}") = "Tyuiu.NajibN.Sprint3.Task0.V15.Lib", "Tyuiu.NajibN.Sprint3.Task0.V15.Lib\Tyuiu.NajibN.Sprint3.Task0.V15.Lib.csproj", "{5DFC0637-1E7F-49E2-8430-158C4F81CCCB}"
EndProject
Project("{FAE04EC0-301F-11D3-BF4B-00C04F79EFBC}") = "Tyuiu.NajibN.Sprint3.Task0.V15.Test", "Tyuiu.NajibN.Sprint3.Task0.V15.Test\Tyuiu.NajibN.Sprint3.Task0.V15.Test.csproj", "{9F33E49D-3D38-44F4-996B-A37A9B9D1220}"
EndProject
Project("{2150E333-8FDC-42A3-9474-1A3956D46DE8}") = "Task1", "Task1", "{5F980C8E-214A-4A6E-8378-B1E80B4F0439}"
EndProject
Project("{FAE04EC0-301F-11D3-BF4B-00C04F79EFBC}") = "Tyuiu.NajibN.Sprint3.Task1.V7", "Tyuiu.NajibN.Sprint3.Task1.V7\Tyuiu.NajibN.Sprint3.Task1.V7.csproj", "{A4D273EC-8148-4FED-B0DF-786A0B539994}"
EndProject
Project("{FAE04EC0-301F-11D3-BF4B-00C04F79EFBC}") = "Tyuiu.NajibN.Sprint3.Task1.V7.Lib", "Tyuiu.NajibN.Sprint3.Task1.V7.Lib\Tyuiu.NajibN.Sprint3.Task1.V7.Lib.csproj", "{7A151D77-ECE6-4BE9-A423-CACD45C910C4}"
EndProject
Project("{FAE04EC0-301F-11D3-BF4B-00C04F79EFBC}") = "Tyuiu.NajibN.Sprint3.Task1.V7.Test", "Tyuiu.NajibN.Sprint3.Task1.V7.Test\Tyuiu.NajibN.Sprint3.Task1.V7.Test.csproj", "{626278DD-5D45-4F8D-82FF-0F33BAC478FE}"
EndProject
Project("{2150E333-8FDC-42A3-9474-1A3956D46DE8}") = "Task2", "Task2", "{EBB43ABB-D7CE-4011-8305-71663B71C1ED}"
EndProject
Project("{FAE04EC0-301F-11D3-BF4B-00C04F79EFBC}") = "Tyuiu.NajibN.Sprint3.Task2.V18", "Tyuiu.NajibN.Sprint3.Task2.V18\Tyuiu.NajibN.Sprint3.Task2.V18.csproj", "{EA54269D-DE7E-4D43-B3EC-BEF759519ED4}"
EndProject
Project("{FAE04EC0-301F-11D3-BF4B-00C04F79EFBC}") = "Tyuiu.NajibN.Sprint3.Task2.V18.Lib", "Tyuiu.NajibN.Sprint3.Task2.V18.Lib\Tyuiu.NajibN.Sprint3.Task2.V18.Lib.csproj", "{36A9A730-41DF-4F65-A9C7-2E289E043138}"
EndProject
Project("{FAE04EC0-301F-11D3-BF4B-00C04F79EFBC}") = "Tyuiu.NajibN.Sprint3.Task2.V18.Test", "Tyuiu.NajibN.Sprint3.Task2.V18.Test\Tyuiu.NajibN.Sprint3.Task2.V18.Test.csproj", "{8538F335-2AAA-4284-BF76-0CEDE39E99EC}"
EndProject
Project("{2150E333-8FDC-42A3-9474-1A3956D46DE8}") = "Task3", "Task3", "{BD6F4575-A5B0-4858-9739-32B18E3CDC37}"
EndProject
Global
	GlobalSection(SolutionConfigurationPlatforms) = preSolution
		Debug|Any CPU = Debug|Any CPU
		Release|Any CPU = Release|Any CPU
	EndGlobalSection
	GlobalSection(ProjectConfigurationPlatforms) = postSolution
		{35A84DD3-EEC7-42CA-A171-72FAD114CB11}.Debug|Any CPU.ActiveCfg = Debug|Any CPU
		{35A84DD3-EEC7-42CA-A171-72FAD114CB11}.Debug|Any CPU.Build.0 = Debug|Any CPU
		{35A84DD3-EEC7-42CA-A171-72FAD114CB11}.Release|Any CPU.ActiveCfg = Release|Any CPU
		{35A84DD3-EEC7-42CA-A171-72FAD114CB11}.Release|Any CPU.Build.0 = Release|Any CPU
		{5DFC0637-1E7F-49E2-8430-158C4F81CCCB}.Debug|Any CPU.ActiveCfg = Debug|Any CPU
		{5DFC0637-1E7F-49E2-8430-158C4F81CCCB}.Debug|Any CPU.Build.0 = Debug|Any CPU
		{5DFC0637-1E7F-49E2-8430-158C4F81CCCB}.Release|Any CPU.ActiveCfg = Release|Any CPU
		{5DFC0637-1E7F-49E2-8430-158C4F81CCCB}.Release|Any CPU.Build.0 = Release|Any CPU
		{9F33E49D-3D38-44F4-996B-A37A9B9D1220}.Debug|Any CPU.ActiveCfg = Debug|Any CPU
		{9F33E49D-3D38-44F4-996B-A37A9B9D1220}.Debug|Any CPU.Build.0 = Debug|Any CPU
		{9F33E49D-3D38-44F4-996B-A37A9B9D1220}.Release|Any CPU.ActiveCfg = Release|Any CPU
		{9F33E49D-3D38-44F4-996B-A37A9B9D1220}.Release|Any CPU.Build.0 = Release|Any CPU
		{A4D273EC-8148-4FED-B0DF-786A0B539994}.Debug|Any CPU.ActiveCfg = Debug|Any CPU
		{A4D273EC-8148-4FED-B0DF-786A0B539994}.Debug|Any CPU.Build.0 = Debug|Any CPU
		{A4D273EC-8148-4FED-B0DF-786A0B539994}.Release|Any CPU.ActiveCfg = Release|Any CPU
		{A4D273EC-8148-4FED-B0DF-786A0B539994}.Release|Any CPU.Build.0 = Release|Any CPU
		{7A151D77-ECE6-4BE9-A423-CACD45C910C4}.Debug|Any CPU.ActiveCfg = Debug|Any CPU
		{7A151D77-ECE6-4BE9-A423-CACD45C910C4}.Debug|Any CPU.Build.0 = Debug|Any CPU
		{7A151D77-ECE6-4BE9-A423-CACD45C910C4}.Release|Any CPU.ActiveCfg = Release|Any CPU
		{7A151D77-ECE6-4BE9-A423-CACD45C910C4}.Release|Any CPU.Build.0 = Release|Any CPU
		{626278DD-5D45-4F8D-82FF-0F33BAC478FE}.Debug|Any CPU.ActiveCfg = Debug|Any CPU
		{626278DD-5D45-4F8D-82FF-0F33BAC478FE}.Debug|Any CPU.Build.0 = Debug|Any CPU
		{626278DD-5D45-4F8D-82FF-0F33BAC478FE}.Release|Any CPU.ActiveCfg = Release|Any CPU
		{626278DD-5D45-4F8D-82FF-0F33BAC478FE}.Release|Any CPU.Build.0 = Release|Any CPU
		{EA54269D-DE7E-4D43-B3EC-BEF759519ED4}.Debug|Any CPU.ActiveCfg = Debug|Any CPU
		{EA54269D-DE7E-4D43-B3EC-BEF759519ED4}.Debug|Any CPU.Build.0 = Debug|Any CPU
		{EA54269D-DE7E-4D43-B3EC-BEF759519ED4}.Release|Any CPU.ActiveCfg = Release|Any CPU
		{EA54269D-DE7E-4D43-B3EC-BEF759519ED4}.Release|Any CPU.Build.0 = Release|Any CPU
		{36A9A730-41DF-4F65-A9C7-2E289E043138}.Debug|Any CPU.ActiveCfg = Debug|Any CPU
		{36A9A730-41DF-4F65-A9C7-2E289E043138}.Debug|Any CPU.Build.0 = Debug|Any CPU
		{36A9A730-41DF-4F65-A9C7-2E289E043138}.Release|Any CPU.ActiveCfg = Release|Any CPU
		{36A9A730-41DF-4F65-A9C7-2E289E043138}.Release|Any CPU.Build.0 = Release|Any CPU
		{8538F335-2AAA-4284-BF76-0CEDE39E99EC}.Debug|Any CPU.ActiveCfg = Debug|Any CPU
		{8538F335-2AAA-4284-BF76-0CEDE39E99EC}.Debug|Any CPU.Build.0 = Debug|Any CPU
		{8538F335-2AAA-4284-BF76-0CEDE39E99EC}.Release|Any CPU.ActiveCfg = Release|Any CPU
		{8538F335-2AAA-4284-BF76-0CEDE39E99EC}.Release|Any CPU.Build.0 = Release|Any CPU
	EndGlobalSection
	GlobalSection(SolutionProperties) = preSolution
		HideSolutionNode = FALSE
	EndGlobalSection
	GlobalSection(NestedProjects) = preSolution
		{35A84DD3-EEC7-42CA-A171-72FAD114CB11} = {873326C9-17C9-421C-88CD-247206237FD8}
		{5DFC0637-1E7F-49E2-8430-158C4F81CCCB} = {873326C9-17C9-421C-88CD-247206237FD8}
		{9F33E49D-3D38-44F4-996B-A37A9B9D1220} = {873326C9-17C9-421C-88CD-247206237FD8}
		{A4D273EC-8148-4FED-B0DF-786A0B539994} = {5F980C8E-214A-4A6E-8378-B1E80B4F0439}
		{7A151D77-ECE6-4BE9-A423-CACD45C910C4} = {5F980C8E-214A-4A6E-8378-B1E80B4F0439}
		{626278DD-5D45-4F8D-82FF-0F33BAC478FE} = {5F980C8E-214A-4A6E-8378-B1E80B4F0439}
		{EA54269D-DE7E-4D43-B3EC-BEF759519ED4} = {EBB43ABB-D7CE-4011-8305-71663B71C1ED}
		{36A9A730-41DF-4F65-A9C7-2E289E043138} = {EBB43ABB-D7CE-4011-8305-71663B71C1ED}
		{8538F335-2AAA-4284-BF76-0CEDE39E99EC} = {EBB43ABB-D7CE-4011-8305-71663B71C1ED}
	EndGlobalSection
	GlobalSection(ExtensibilityGlobals) = postSolution
		SolutionGuid = {0482CE47-364D-4FCC-8766-905B78762351}
	EndGlobalSection
EndGlobal
